
Microsoft Visual Studio Solution File, Format Version 12.00
# Visual Studio Version 16
VisualStudioVersion = 16.0.31005.135
MinimumVisualStudioVersion = 10.0.40219.1
Project("{9A19103F-16F7-4668-BE54-9A1E7A4F7556}") = "Chess.Logic", "Chess 3.0\Chess.Logic.csproj", "{3B5C72EE-3778-4341-9AE6-11EF73122233}"
EndProject
Project("{9A19103F-16F7-4668-BE54-9A1E7A4F7556}") = "Chess.WPF", "Chess.WPF\Chess.WPF.csproj", "{6B0149FB-8AA4-4E93-8555-42E3EFDAA862}"
EndProject
Project("{FAE04EC0-301F-11D3-BF4B-00C04F79EFBC}") = "Chess.Tests", "Tests\Chess.Tests.csproj", "{B00BF185-C8E2-479B-ABB4-0FF1227DCB56}"
EndProject
Global
	GlobalSection(SolutionConfigurationPlatforms) = preSolution
		Debug|Any CPU = Debug|Any CPU
		Release|Any CPU = Release|Any CPU
	EndGlobalSection
	GlobalSection(ProjectConfigurationPlatforms) = postSolution
		{3B5C72EE-3778-4341-9AE6-11EF73122233}.Debug|Any CPU.ActiveCfg = Debug|Any CPU
		{3B5C72EE-3778-4341-9AE6-11EF73122233}.Debug|Any CPU.Build.0 = Debug|Any CPU
		{3B5C72EE-3778-4341-9AE6-11EF73122233}.Release|Any CPU.ActiveCfg = Release|Any CPU
		{3B5C72EE-3778-4341-9AE6-11EF73122233}.Release|Any CPU.Build.0 = Release|Any CPU
		{6B0149FB-8AA4-4E93-8555-42E3EFDAA862}.Debug|Any CPU.ActiveCfg = Debug|Any CPU
		{6B0149FB-8AA4-4E93-8555-42E3EFDAA862}.Debug|Any CPU.Build.0 = Debug|Any CPU
		{6B0149FB-8AA4-4E93-8555-42E3EFDAA862}.Release|Any CPU.ActiveCfg = Release|Any CPU
		{6B0149FB-8AA4-4E93-8555-42E3EFDAA862}.Release|Any CPU.Build.0 = Release|Any CPU
		{B00BF185-C8E2-479B-ABB4-0FF1227DCB56}.Debug|Any CPU.ActiveCfg = Debug|Any CPU
		{B00BF185-C8E2-479B-ABB4-0FF1227DCB56}.Debug|Any CPU.Build.0 = Debug|Any CPU
		{B00BF185-C8E2-479B-ABB4-0FF1227DCB56}.Release|Any CPU.ActiveCfg = Release|Any CPU
		{B00BF185-C8E2-479B-ABB4-0FF1227DCB56}.Release|Any CPU.Build.0 = Release|Any CPU
	EndGlobalSection
	GlobalSection(SolutionProperties) = preSolution
		HideSolutionNode = FALSE
	EndGlobalSection
	GlobalSection(ExtensibilityGlobals) = postSolution
		SolutionGuid = {7DA729F4-C01D-4527-AD1A-B43983F9999D}
	EndGlobalSection
EndGlobal
